
Microsoft Visual Studio Solution File, Format Version 12.00
# Visual Studio Version 17
VisualStudioVersion = 17.11.35017.193
MinimumVisualStudioVersion = 10.0.40219.1
Project("{888888A0-9F3D-457C-B088-3A5042F75D52}") = "animate_diff_lightning", "animate_diff_lightning.pyproj", "{B494C968-4776-426D-BB58-567885EFD91C}"
EndProject
Global
	GlobalSection(SolutionConfigurationPlatforms) = preSolution
		Debug|Any CPU = Debug|Any CPU
		Release|Any CPU = Release|Any CPU
	EndGlobalSection
	GlobalSection(ProjectConfigurationPlatforms) = postSolution
		{B494C968-4776-426D-BB58-567885EFD91C}.Debug|Any CPU.ActiveCfg = Debug|Any CPU
		{B494C968-4776-426D-BB58-567885EFD91C}.Release|Any CPU.ActiveCfg = Release|Any CPU
	EndGlobalSection
	GlobalSection(SolutionProperties) = preSolution
		HideSolutionNode = FALSE
	EndGlobalSection
	GlobalSection(ExtensibilityGlobals) = postSolution
		SolutionGuid = {D75517C7-18A6-4214-A5F4-8D9667CA3799}
	EndGlobalSection
EndGlobal
